// !$*UTF8*$!
{
	archiveVersion = 1;
	classes = {
	};
	objectVersion = 56;
	objects = {

/* Begin PBXBuildFile section */
		0481FBDF2B44078600D4EF60 /* RoutineViewController.swift in Sources */ = {isa = PBXBuildFile; fileRef = 0481FBDE2B44078600D4EF60 /* RoutineViewController.swift */; };
		0481FBE12B44079500D4EF60 /* RoutineCollectionViewCell.swift in Sources */ = {isa = PBXBuildFile; fileRef = 0481FBE02B44079500D4EF60 /* RoutineCollectionViewCell.swift */; };
		0481FBE32B4407A500D4EF60 /* RoutineView.swift in Sources */ = {isa = PBXBuildFile; fileRef = 0481FBE22B4407A500D4EF60 /* RoutineView.swift */; };
		0481FBE62B4408C300D4EF60 /* SnapKit in Frameworks */ = {isa = PBXBuildFile; productRef = 0481FBE52B4408C300D4EF60 /* SnapKit */; };
		0481FBE82B4408C300D4EF60 /* SnapKit-Dynamic in Frameworks */ = {isa = PBXBuildFile; productRef = 0481FBE72B4408C300D4EF60 /* SnapKit-Dynamic */; };
		0481FBEA2B44091000D4EF60 /* UICollectionViewRegisterable.swift in Sources */ = {isa = PBXBuildFile; fileRef = 0481FBE92B44091000D4EF60 /* UICollectionViewRegisterable.swift */; };
		0481FBEC2B44095500D4EF60 /* NSObject+.swift in Sources */ = {isa = PBXBuildFile; fileRef = 0481FBEB2B44095500D4EF60 /* NSObject+.swift */; };
		0481FBEE2B440E1700D4EF60 /* UIView+.swift in Sources */ = {isa = PBXBuildFile; fileRef = 0481FBED2B440E1700D4EF60 /* UIView+.swift */; };
		0481FBF02B441CFF00D4EF60 /* RoutineEntity.swift in Sources */ = {isa = PBXBuildFile; fileRef = 0481FBEF2B441CFF00D4EF60 /* RoutineEntity.swift */; };
		A42C334F2B3FF46100C4B477 /* AppDelegate.swift in Sources */ = {isa = PBXBuildFile; fileRef = A42C334E2B3FF46100C4B477 /* AppDelegate.swift */; };
		A42C33512B3FF46100C4B477 /* SceneDelegate.swift in Sources */ = {isa = PBXBuildFile; fileRef = A42C33502B3FF46100C4B477 /* SceneDelegate.swift */; };
		A42C33582B3FF46300C4B477 /* Assets.xcassets in Resources */ = {isa = PBXBuildFile; fileRef = A42C33572B3FF46300C4B477 /* Assets.xcassets */; };
		A42C335B2B3FF46300C4B477 /* LaunchScreen.storyboard in Resources */ = {isa = PBXBuildFile; fileRef = A42C33592B3FF46300C4B477 /* LaunchScreen.storyboard */; };
/* End PBXBuildFile section */

/* Begin PBXFileReference section */
		0481FBDE2B44078600D4EF60 /* RoutineViewController.swift */ = {isa = PBXFileReference; lastKnownFileType = sourcecode.swift; path = RoutineViewController.swift; sourceTree = "<group>"; };
		0481FBE02B44079500D4EF60 /* RoutineCollectionViewCell.swift */ = {isa = PBXFileReference; lastKnownFileType = sourcecode.swift; path = RoutineCollectionViewCell.swift; sourceTree = "<group>"; };
		0481FBE22B4407A500D4EF60 /* RoutineView.swift */ = {isa = PBXFileReference; lastKnownFileType = sourcecode.swift; path = RoutineView.swift; sourceTree = "<group>"; };
		0481FBE92B44091000D4EF60 /* UICollectionViewRegisterable.swift */ = {isa = PBXFileReference; lastKnownFileType = sourcecode.swift; path = UICollectionViewRegisterable.swift; sourceTree = "<group>"; };
		0481FBEB2B44095500D4EF60 /* NSObject+.swift */ = {isa = PBXFileReference; lastKnownFileType = sourcecode.swift; path = "NSObject+.swift"; sourceTree = "<group>"; };
		0481FBED2B440E1700D4EF60 /* UIView+.swift */ = {isa = PBXFileReference; lastKnownFileType = sourcecode.swift; path = "UIView+.swift"; sourceTree = "<group>"; };
		0481FBEF2B441CFF00D4EF60 /* RoutineEntity.swift */ = {isa = PBXFileReference; lastKnownFileType = sourcecode.swift; path = RoutineEntity.swift; sourceTree = "<group>"; };
		A42C334B2B3FF46100C4B477 /* iOS-Practice.app */ = {isa = PBXFileReference; explicitFileType = wrapper.application; includeInIndex = 0; path = "iOS-Practice.app"; sourceTree = BUILT_PRODUCTS_DIR; };
		A42C334E2B3FF46100C4B477 /* AppDelegate.swift */ = {isa = PBXFileReference; lastKnownFileType = sourcecode.swift; path = AppDelegate.swift; sourceTree = "<group>"; };
		A42C33502B3FF46100C4B477 /* SceneDelegate.swift */ = {isa = PBXFileReference; lastKnownFileType = sourcecode.swift; path = SceneDelegate.swift; sourceTree = "<group>"; };
		A42C33572B3FF46300C4B477 /* Assets.xcassets */ = {isa = PBXFileReference; lastKnownFileType = folder.assetcatalog; path = Assets.xcassets; sourceTree = "<group>"; };
		A42C335A2B3FF46300C4B477 /* Base */ = {isa = PBXFileReference; lastKnownFileType = file.storyboard; name = Base; path = Base.lproj/LaunchScreen.storyboard; sourceTree = "<group>"; };
		A42C335C2B3FF46300C4B477 /* Info.plist */ = {isa = PBXFileReference; lastKnownFileType = text.plist.xml; path = Info.plist; sourceTree = "<group>"; };
/* End PBXFileReference section */

/* Begin PBXFrameworksBuildPhase section */
		A42C33482B3FF46100C4B477 /* Frameworks */ = {
			isa = PBXFrameworksBuildPhase;
			buildActionMask = 2147483647;
			files = (
				0481FBE62B4408C300D4EF60 /* SnapKit in Frameworks */,
				0481FBE82B4408C300D4EF60 /* SnapKit-Dynamic in Frameworks */,
			);
			runOnlyForDeploymentPostprocessing = 0;
		};
/* End PBXFrameworksBuildPhase section */

/* Begin PBXGroup section */
		A42C33422B3FF46100C4B477 = {
			isa = PBXGroup;
			children = (
				A42C334D2B3FF46100C4B477 /* iOS-Practice */,
				A42C334C2B3FF46100C4B477 /* Products */,
			);
			sourceTree = "<group>";
		};
		A42C334C2B3FF46100C4B477 /* Products */ = {
			isa = PBXGroup;
			children = (
				A42C334B2B3FF46100C4B477 /* iOS-Practice.app */,
			);
			name = Products;
			sourceTree = "<group>";
		};
		A42C334D2B3FF46100C4B477 /* iOS-Practice */ = {
			isa = PBXGroup;
			children = (
				A42C334E2B3FF46100C4B477 /* AppDelegate.swift */,
				A42C33502B3FF46100C4B477 /* SceneDelegate.swift */,
				A42C33572B3FF46300C4B477 /* Assets.xcassets */,
				A42C33592B3FF46300C4B477 /* LaunchScreen.storyboard */,
				A42C335C2B3FF46300C4B477 /* Info.plist */,
				0481FBDE2B44078600D4EF60 /* RoutineViewController.swift */,
				0481FBE02B44079500D4EF60 /* RoutineCollectionViewCell.swift */,
				0481FBE22B4407A500D4EF60 /* RoutineView.swift */,
				0481FBE92B44091000D4EF60 /* UICollectionViewRegisterable.swift */,
				0481FBEB2B44095500D4EF60 /* NSObject+.swift */,
				0481FBED2B440E1700D4EF60 /* UIView+.swift */,
				0481FBEF2B441CFF00D4EF60 /* RoutineEntity.swift */,
			);
			path = "iOS-Practice";
			sourceTree = "<group>";
		};
/* End PBXGroup section */

/* Begin PBXNativeTarget section */
		A42C334A2B3FF46100C4B477 /* iOS-Practice */ = {
			isa = PBXNativeTarget;
			buildConfigurationList = A42C335F2B3FF46300C4B477 /* Build configuration list for PBXNativeTarget "iOS-Practice" */;
			buildPhases = (
				A42C33472B3FF46100C4B477 /* Sources */,
				A42C33482B3FF46100C4B477 /* Frameworks */,
				A42C33492B3FF46100C4B477 /* Resources */,
			);
			buildRules = (
			);
			dependencies = (
			);
			name = "iOS-Practice";
			packageProductDependencies = (
				0481FBE52B4408C300D4EF60 /* SnapKit */,
				0481FBE72B4408C300D4EF60 /* SnapKit-Dynamic */,
			);
			productName = "iOS-Practice";
			productReference = A42C334B2B3FF46100C4B477 /* iOS-Practice.app */;
			productType = "com.apple.product-type.application";
		};
/* End PBXNativeTarget section */

/* Begin PBXProject section */
		A42C33432B3FF46100C4B477 /* Project object */ = {
			isa = PBXProject;
			attributes = {
				BuildIndependentTargetsInParallel = 1;
				LastSwiftUpdateCheck = 1430;
				LastUpgradeCheck = 1430;
				TargetAttributes = {
					A42C334A2B3FF46100C4B477 = {
						CreatedOnToolsVersion = 14.3;
					};
				};
			};
			buildConfigurationList = A42C33462B3FF46100C4B477 /* Build configuration list for PBXProject "iOS-Practice" */;
			compatibilityVersion = "Xcode 14.0";
			developmentRegion = en;
			hasScannedForEncodings = 0;
			knownRegions = (
				en,
				Base,
			);
			mainGroup = A42C33422B3FF46100C4B477;
			packageReferences = (
				0481FBE42B4408C300D4EF60 /* XCRemoteSwiftPackageReference "SnapKit" */,
			);
			productRefGroup = A42C334C2B3FF46100C4B477 /* Products */;
			projectDirPath = "";
			projectRoot = "";
			targets = (
				A42C334A2B3FF46100C4B477 /* iOS-Practice */,
			);
		};
/* End PBXProject section */

/* Begin PBXResourcesBuildPhase section */
		A42C33492B3FF46100C4B477 /* Resources */ = {
			isa = PBXResourcesBuildPhase;
			buildActionMask = 2147483647;
			files = (
				A42C335B2B3FF46300C4B477 /* LaunchScreen.storyboard in Resources */,
				A42C33582B3FF46300C4B477 /* Assets.xcassets in Resources */,
			);
			runOnlyForDeploymentPostprocessing = 0;
		};
/* End PBXResourcesBuildPhase section */

/* Begin PBXSourcesBuildPhase section */
		A42C33472B3FF46100C4B477 /* Sources */ = {
			isa = PBXSourcesBuildPhase;
			buildActionMask = 2147483647;
			files = (
				0481FBF02B441CFF00D4EF60 /* RoutineEntity.swift in Sources */,
				A42C334F2B3FF46100C4B477 /* AppDelegate.swift in Sources */,
				0481FBE12B44079500D4EF60 /* RoutineCollectionViewCell.swift in Sources */,
				0481FBE32B4407A500D4EF60 /* RoutineView.swift in Sources */,
				0481FBEA2B44091000D4EF60 /* UICollectionViewRegisterable.swift in Sources */,
				0481FBEE2B440E1700D4EF60 /* UIView+.swift in Sources */,
				0481FBEC2B44095500D4EF60 /* NSObject+.swift in Sources */,
				A42C33512B3FF46100C4B477 /* SceneDelegate.swift in Sources */,
				0481FBDF2B44078600D4EF60 /* RoutineViewController.swift in Sources */,
			);
			runOnlyForDeploymentPostprocessing = 0;
		};
/* End PBXSourcesBuildPhase section */

/* Begin PBXVariantGroup section */
		A42C33592B3FF46300C4B477 /* LaunchScreen.storyboard */ = {
			isa = PBXVariantGroup;
			children = (
				A42C335A2B3FF46300C4B477 /* Base */,
			);
			name = LaunchScreen.storyboard;
			sourceTree = "<group>";
		};
/* End PBXVariantGroup section */

/* Begin XCBuildConfiguration section */
		A42C335D2B3FF46300C4B477 /* Debug */ = {
			isa = XCBuildConfiguration;
			buildSettings = {
				ALWAYS_SEARCH_USER_PATHS = NO;
				CLANG_ANALYZER_NONNULL = YES;
				CLANG_ANALYZER_NUMBER_OBJECT_CONVERSION = YES_AGGRESSIVE;
				CLANG_CXX_LANGUAGE_STANDARD = "gnu++20";
				CLANG_ENABLE_MODULES = YES;
				CLANG_ENABLE_OBJC_ARC = YES;
				CLANG_ENABLE_OBJC_WEAK = YES;
				CLANG_WARN_BLOCK_CAPTURE_AUTORELEASING = YES;
				CLANG_WARN_BOOL_CONVERSION = YES;
				CLANG_WARN_COMMA = YES;
				CLANG_WARN_CONSTANT_CONVERSION = YES;
				CLANG_WARN_DEPRECATED_OBJC_IMPLEMENTATIONS = YES;
				CLANG_WARN_DIRECT_OBJC_ISA_USAGE = YES_ERROR;
				CLANG_WARN_DOCUMENTATION_COMMENTS = YES;
				CLANG_WARN_EMPTY_BODY = YES;
				CLANG_WARN_ENUM_CONVERSION = YES;
				CLANG_WARN_INFINITE_RECURSION = YES;
				CLANG_WARN_INT_CONVERSION = YES;
				CLANG_WARN_NON_LITERAL_NULL_CONVERSION = YES;
				CLANG_WARN_OBJC_IMPLICIT_RETAIN_SELF = YES;
				CLANG_WARN_OBJC_LITERAL_CONVERSION = YES;
				CLANG_WARN_OBJC_ROOT_CLASS = YES_ERROR;
				CLANG_WARN_QUOTED_INCLUDE_IN_FRAMEWORK_HEADER = YES;
				CLANG_WARN_RANGE_LOOP_ANALYSIS = YES;
				CLANG_WARN_STRICT_PROTOTYPES = YES;
				CLANG_WARN_SUSPICIOUS_MOVE = YES;
				CLANG_WARN_UNGUARDED_AVAILABILITY = YES_AGGRESSIVE;
				CLANG_WARN_UNREACHABLE_CODE = YES;
				CLANG_WARN__DUPLICATE_METHOD_MATCH = YES;
				COPY_PHASE_STRIP = NO;
				DEBUG_INFORMATION_FORMAT = dwarf;
				ENABLE_STRICT_OBJC_MSGSEND = YES;
				ENABLE_TESTABILITY = YES;
				GCC_C_LANGUAGE_STANDARD = gnu11;
				GCC_DYNAMIC_NO_PIC = NO;
				GCC_NO_COMMON_BLOCKS = YES;
				GCC_OPTIMIZATION_LEVEL = 0;
				GCC_PREPROCESSOR_DEFINITIONS = (
					"DEBUG=1",
					"$(inherited)",
				);
				GCC_WARN_64_TO_32_BIT_CONVERSION = YES;
				GCC_WARN_ABOUT_RETURN_TYPE = YES_ERROR;
				GCC_WARN_UNDECLARED_SELECTOR = YES;
				GCC_WARN_UNINITIALIZED_AUTOS = YES_AGGRESSIVE;
				GCC_WARN_UNUSED_FUNCTION = YES;
				GCC_WARN_UNUSED_VARIABLE = YES;
				IPHONEOS_DEPLOYMENT_TARGET = 16.4;
				MTL_ENABLE_DEBUG_INFO = INCLUDE_SOURCE;
				MTL_FAST_MATH = YES;
				ONLY_ACTIVE_ARCH = YES;
				SDKROOT = iphoneos;
				SWIFT_ACTIVE_COMPILATION_CONDITIONS = DEBUG;
				SWIFT_OPTIMIZATION_LEVEL = "-Onone";
			};
			name = Debug;
		};
		A42C335E2B3FF46300C4B477 /* Release */ = {
			isa = XCBuildConfiguration;
			buildSettings = {
				ALWAYS_SEARCH_USER_PATHS = NO;
				CLANG_ANALYZER_NONNULL = YES;
				CLANG_ANALYZER_NUMBER_OBJECT_CONVERSION = YES_AGGRESSIVE;
				CLANG_CXX_LANGUAGE_STANDARD = "gnu++20";
				CLANG_ENABLE_MODULES = YES;
				CLANG_ENABLE_OBJC_ARC = YES;
				CLANG_ENABLE_OBJC_WEAK = YES;
				CLANG_WARN_BLOCK_CAPTURE_AUTORELEASING = YES;
				CLANG_WARN_BOOL_CONVERSION = YES;
				CLANG_WARN_COMMA = YES;
				CLANG_WARN_CONSTANT_CONVERSION = YES;
				CLANG_WARN_DEPRECATED_OBJC_IMPLEMENTATIONS = YES;
				CLANG_WARN_DIRECT_OBJC_ISA_USAGE = YES_ERROR;
				CLANG_WARN_DOCUMENTATION_COMMENTS = YES;
				CLANG_WARN_EMPTY_BODY = YES;
				CLANG_WARN_ENUM_CONVERSION = YES;
				CLANG_WARN_INFINITE_RECURSION = YES;
				CLANG_WARN_INT_CONVERSION = YES;
				CLANG_WARN_NON_LITERAL_NULL_CONVERSION = YES;
				CLANG_WARN_OBJC_IMPLICIT_RETAIN_SELF = YES;
				CLANG_WARN_OBJC_LITERAL_CONVERSION = YES;
				CLANG_WARN_OBJC_ROOT_CLASS = YES_ERROR;
				CLANG_WARN_QUOTED_INCLUDE_IN_FRAMEWORK_HEADER = YES;
				CLANG_WARN_RANGE_LOOP_ANALYSIS = YES;
				CLANG_WARN_STRICT_PROTOTYPES = YES;
				CLANG_WARN_SUSPICIOUS_MOVE = YES;
				CLANG_WARN_UNGUARDED_AVAILABILITY = YES_AGGRESSIVE;
				CLANG_WARN_UNREACHABLE_CODE = YES;
				CLANG_WARN__DUPLICATE_METHOD_MATCH = YES;
				COPY_PHASE_STRIP = NO;
				DEBUG_INFORMATION_FORMAT = "dwarf-with-dsym";
				ENABLE_NS_ASSERTIONS = NO;
				ENABLE_STRICT_OBJC_MSGSEND = YES;
				GCC_C_LANGUAGE_STANDARD = gnu11;
				GCC_NO_COMMON_BLOCKS = YES;
				GCC_WARN_64_TO_32_BIT_CONVERSION = YES;
				GCC_WARN_ABOUT_RETURN_TYPE = YES_ERROR;
				GCC_WARN_UNDECLARED_SELECTOR = YES;
				GCC_WARN_UNINITIALIZED_AUTOS = YES_AGGRESSIVE;
				GCC_WARN_UNUSED_FUNCTION = YES;
				GCC_WARN_UNUSED_VARIABLE = YES;
				IPHONEOS_DEPLOYMENT_TARGET = 16.4;
				MTL_ENABLE_DEBUG_INFO = NO;
				MTL_FAST_MATH = YES;
				SDKROOT = iphoneos;
				SWIFT_COMPILATION_MODE = wholemodule;
				SWIFT_OPTIMIZATION_LEVEL = "-O";
				VALIDATE_PRODUCT = YES;
			};
			name = Release;
		};
		A42C33602B3FF46300C4B477 /* Debug */ = {
			isa = XCBuildConfiguration;
			buildSettings = {
				ASSETCATALOG_COMPILER_APPICON_NAME = AppIcon;
				ASSETCATALOG_COMPILER_GLOBAL_ACCENT_COLOR_NAME = AccentColor;
				CODE_SIGN_STYLE = Automatic;
				CURRENT_PROJECT_VERSION = 1;
				DEVELOPMENT_TEAM = XGXWL95BMU;
				GENERATE_INFOPLIST_FILE = YES;
				INFOPLIST_FILE = "iOS-Practice/Info.plist";
				INFOPLIST_KEY_UIApplicationSupportsIndirectInputEvents = YES;
				INFOPLIST_KEY_UILaunchStoryboardName = LaunchScreen;
				INFOPLIST_KEY_UISupportedInterfaceOrientations_iPad = "UIInterfaceOrientationPortrait UIInterfaceOrientationPortraitUpsideDown UIInterfaceOrientationLandscapeLeft UIInterfaceOrientationLandscapeRight";
				INFOPLIST_KEY_UISupportedInterfaceOrientations_iPhone = "UIInterfaceOrientationPortrait UIInterfaceOrientationLandscapeLeft UIInterfaceOrientationLandscapeRight";
				LD_RUNPATH_SEARCH_PATHS = (
					"$(inherited)",
					"@executable_path/Frameworks",
				);
				MARKETING_VERSION = 1.0;
				PRODUCT_BUNDLE_IDENTIFIER = "ahra.iOS-Practice";
				PRODUCT_NAME = "$(TARGET_NAME)";
				SWIFT_EMIT_LOC_STRINGS = YES;
				SWIFT_VERSION = 5.0;
				TARGETED_DEVICE_FAMILY = "1,2";
			};
			name = Debug;
		};
		A42C33612B3FF46300C4B477 /* Release */ = {
			isa = XCBuildConfiguration;
			buildSettings = {
				ASSETCATALOG_COMPILER_APPICON_NAME = AppIcon;
				ASSETCATALOG_COMPILER_GLOBAL_ACCENT_COLOR_NAME = AccentColor;
				CODE_SIGN_STYLE = Automatic;
				CURRENT_PROJECT_VERSION = 1;
				DEVELOPMENT_TEAM = XGXWL95BMU;
				GENERATE_INFOPLIST_FILE = YES;
				INFOPLIST_FILE = "iOS-Practice/Info.plist";
				INFOPLIST_KEY_UIApplicationSupportsIndirectInputEvents = YES;
				INFOPLIST_KEY_UILaunchStoryboardName = LaunchScreen;
				INFOPLIST_KEY_UISupportedInterfaceOrientations_iPad = "UIInterfaceOrientationPortrait UIInterfaceOrientationPortraitUpsideDown UIInterfaceOrientationLandscapeLeft UIInterfaceOrientationLandscapeRight";
				INFOPLIST_KEY_UISupportedInterfaceOrientations_iPhone = "UIInterfaceOrientationPortrait UIInterfaceOrientationLandscapeLeft UIInterfaceOrientationLandscapeRight";
				LD_RUNPATH_SEARCH_PATHS = (
					"$(inherited)",
					"@executable_path/Frameworks",
				);
				MARKETING_VERSION = 1.0;
				PRODUCT_BUNDLE_IDENTIFIER = "ahra.iOS-Practice";
				PRODUCT_NAME = "$(TARGET_NAME)";
				SWIFT_EMIT_LOC_STRINGS = YES;
				SWIFT_VERSION = 5.0;
				TARGETED_DEVICE_FAMILY = "1,2";
			};
			name = Release;
		};
/* End XCBuildConfiguration section */

/* Begin XCConfigurationList section */
		A42C33462B3FF46100C4B477 /* Build configuration list for PBXProject "iOS-Practice" */ = {
			isa = XCConfigurationList;
			buildConfigurations = (
				A42C335D2B3FF46300C4B477 /* Debug */,
				A42C335E2B3FF46300C4B477 /* Release */,
			);
			defaultConfigurationIsVisible = 0;
			defaultConfigurationName = Release;
		};
		A42C335F2B3FF46300C4B477 /* Build configuration list for PBXNativeTarget "iOS-Practice" */ = {
			isa = XCConfigurationList;
			buildConfigurations = (
				A42C33602B3FF46300C4B477 /* Debug */,
				A42C33612B3FF46300C4B477 /* Release */,
			);
			defaultConfigurationIsVisible = 0;
			defaultConfigurationName = Release;
		};
/* End XCConfigurationList section */

/* Begin XCRemoteSwiftPackageReference section */
		0481FBE42B4408C300D4EF60 /* XCRemoteSwiftPackageReference "SnapKit" */ = {
			isa = XCRemoteSwiftPackageReference;
			repositoryURL = "https://github.com/SnapKit/SnapKit";
			requirement = {
				kind = upToNextMajorVersion;
				minimumVersion = 5.7.0;
			};
		};
/* End XCRemoteSwiftPackageReference section */

/* Begin XCSwiftPackageProductDependency section */
		0481FBE52B4408C300D4EF60 /* SnapKit */ = {
			isa = XCSwiftPackageProductDependency;
			package = 0481FBE42B4408C300D4EF60 /* XCRemoteSwiftPackageReference "SnapKit" */;
			productName = SnapKit;
		};
		0481FBE72B4408C300D4EF60 /* SnapKit-Dynamic */ = {
			isa = XCSwiftPackageProductDependency;
			package = 0481FBE42B4408C300D4EF60 /* XCRemoteSwiftPackageReference "SnapKit" */;
			productName = "SnapKit-Dynamic";
		};
/* End XCSwiftPackageProductDependency section */
	};
	rootObject = A42C33432B3FF46100C4B477 /* Project object */;
}
